
Microsoft Visual Studio Solution File, Format Version 12.00
# Visual Studio Version 16
VisualStudioVersion = 16.0.31410.357
MinimumVisualStudioVersion = 10.0.40219.1
Project("{FAE04EC0-301F-11D3-BF4B-00C04F79EFBC}") = "EscrituraArchivos", "EscrituraArchivos\EscrituraArchivos.csproj", "{01E963E5-5917-4AAE-AFFF-064972CB5E93}"
EndProject
Global
	GlobalSection(SolutionConfigurationPlatforms) = preSolution
		Debug|Any CPU = Debug|Any CPU
		Release|Any CPU = Release|Any CPU
	EndGlobalSection
	GlobalSection(ProjectConfigurationPlatforms) = postSolution
		{01E963E5-5917-4AAE-AFFF-064972CB5E93}.Debug|Any CPU.ActiveCfg = Debug|Any CPU
		{01E963E5-5917-4AAE-AFFF-064972CB5E93}.Debug|Any CPU.Build.0 = Debug|Any CPU
		{01E963E5-5917-4AAE-AFFF-064972CB5E93}.Release|Any CPU.ActiveCfg = Release|Any CPU
		{01E963E5-5917-4AAE-AFFF-064972CB5E93}.Release|Any CPU.Build.0 = Release|Any CPU
	EndGlobalSection
	GlobalSection(SolutionProperties) = preSolution
		HideSolutionNode = FALSE
	EndGlobalSection
	GlobalSection(ExtensibilityGlobals) = postSolution
		SolutionGuid = {5EA936B8-B4E2-4319-BA5E-2552AEF38B98}
	EndGlobalSection
EndGlobal
